
Microsoft Visual Studio Solution File, Format Version 12.00
# Visual Studio Version 16
VisualStudioVersion = 16.0.31025.194
MinimumVisualStudioVersion = 10.0.40219.1
Project("{888888A0-9F3D-457C-B088-3A5042F75D52}") = "Generateur_stellaris_RP", "Generateur_stellaris_RP\Generateur_stellaris_RP.pyproj", "{9C86BE5B-CA46-40E7-8A10-C5E3EE6C0851}"
EndProject
Global
	GlobalSection(SolutionConfigurationPlatforms) = preSolution
		Debug|Any CPU = Debug|Any CPU
		Release|Any CPU = Release|Any CPU
	EndGlobalSection
	GlobalSection(ProjectConfigurationPlatforms) = postSolution
		{9C86BE5B-CA46-40E7-8A10-C5E3EE6C0851}.Debug|Any CPU.ActiveCfg = Debug|Any CPU
		{9C86BE5B-CA46-40E7-8A10-C5E3EE6C0851}.Debug|Any CPU.Build.0 = Debug|Any CPU
		{9C86BE5B-CA46-40E7-8A10-C5E3EE6C0851}.Release|Any CPU.ActiveCfg = Release|Any CPU
		{9C86BE5B-CA46-40E7-8A10-C5E3EE6C0851}.Release|Any CPU.Build.0 = Release|Any CPU
	EndGlobalSection
	GlobalSection(SolutionProperties) = preSolution
		HideSolutionNode = FALSE
	EndGlobalSection
	GlobalSection(ExtensibilityGlobals) = postSolution
		SolutionGuid = {9FDE3D9D-F5C6-4B84-8F16-7E10FD1093C7}
	EndGlobalSection
EndGlobal
